
Microsoft Visual Studio Solution File, Format Version 12.00
# Visual Studio Version 17
VisualStudioVersion = 17.2.32616.157
MinimumVisualStudioVersion = 10.0.40219.1
Project("{FAE04EC0-301F-11D3-BF4B-00C04F79EFBC}") = "LocalizationApp", "LocalizationApp\LocalizationApp.csproj", "{83F9E8A6-F38E-4E05-A50C-5432C38D7B4A}"
EndProject
Global
	GlobalSection(SolutionConfigurationPlatforms) = preSolution
		Debug|Any CPU = Debug|Any CPU
		Release|Any CPU = Release|Any CPU
	EndGlobalSection
	GlobalSection(ProjectConfigurationPlatforms) = postSolution
		{83F9E8A6-F38E-4E05-A50C-5432C38D7B4A}.Debug|Any CPU.ActiveCfg = Debug|Any CPU
		{83F9E8A6-F38E-4E05-A50C-5432C38D7B4A}.Debug|Any CPU.Build.0 = Debug|Any CPU
		{83F9E8A6-F38E-4E05-A50C-5432C38D7B4A}.Release|Any CPU.ActiveCfg = Release|Any CPU
		{83F9E8A6-F38E-4E05-A50C-5432C38D7B4A}.Release|Any CPU.Build.0 = Release|Any CPU
	EndGlobalSection
	GlobalSection(SolutionProperties) = preSolution
		HideSolutionNode = FALSE
	EndGlobalSection
	GlobalSection(ExtensibilityGlobals) = postSolution
		SolutionGuid = {33D6F354-D8BF-4C90-AF87-239B6E5C670E}
	EndGlobalSection
EndGlobal
