
Microsoft Visual Studio Solution File, Format Version 12.00
# Visual Studio Version 17
VisualStudioVersion = 17.2.32616.157
MinimumVisualStudioVersion = 10.0.40219.1
Project("{9A19103F-16F7-4668-BE54-9A1E7A4F7556}") = "01_CultureIdentify", "CultureIdentify\01_CultureIdentify.csproj", "{979FBBFE-AE1C-4435-B4A3-294233AD2680}"
EndProject
Project("{9A19103F-16F7-4668-BE54-9A1E7A4F7556}") = "05_AttributeLocalization", "AttributeLocalization\05_AttributeLocalization.csproj", "{47B58706-0802-4B1A-92E7-00E517A0FD4C}"
EndProject
Project("{9A19103F-16F7-4668-BE54-9A1E7A4F7556}") = "02_StringLocalizer", "StringLocalizer\02_StringLocalizer.csproj", "{7979B901-C20E-4BC3-8AB0-A5EF49B355C6}"
EndProject
Project("{9A19103F-16F7-4668-BE54-9A1E7A4F7556}") = "03_LocalizationResources", "LocalizationResources\03_LocalizationResources.csproj", "{603CE595-70D7-4028-9C29-EBABFA2A6B69}"
EndProject
Project("{9A19103F-16F7-4668-BE54-9A1E7A4F7556}") = "04_ViewLocalization", "ViewLocalization\04_ViewLocalization.csproj", "{898F84CC-D44D-4734-B44C-6D4B53F75F02}"
EndProject
Project("{9A19103F-16F7-4668-BE54-9A1E7A4F7556}") = "06_SwitchLocalization", "SwitchLocalization\06_SwitchLocalization.csproj", "{535242EE-57D2-4914-BDDE-CC72CFCE2161}"
EndProject
Project("{9A19103F-16F7-4668-BE54-9A1E7A4F7556}") = "07_SharedResources", "SharedResources\07_SharedResources.csproj", "{2BC34CDD-6801-4BB5-9E61-35B3C5D75332}"
EndProject
Project("{9A19103F-16F7-4668-BE54-9A1E7A4F7556}") = "09_EFLocalizationApp", "EFLocalizationApp\09_EFLocalizationApp.csproj", "{FD2A4628-36E7-46A0-A705-E2A13F6963E8}"
EndProject
Project("{9A19103F-16F7-4668-BE54-9A1E7A4F7556}") = "10_JsLocalization", "JsLocalization\10_JsLocalization.csproj", "{1A9A4021-968E-4E52-AAF8-221EB351B807}"
EndProject
Project("{FAE04EC0-301F-11D3-BF4B-00C04F79EFBC}") = "11_JsLocalizeText", "11_JsLocalizeText\11_JsLocalizeText.csproj", "{EDE5CD06-E943-4410-9758-FC8848B2C58E}"
EndProject
Global
	GlobalSection(SolutionConfigurationPlatforms) = preSolution
		Debug|Any CPU = Debug|Any CPU
		Release|Any CPU = Release|Any CPU
	EndGlobalSection
	GlobalSection(ProjectConfigurationPlatforms) = postSolution
		{979FBBFE-AE1C-4435-B4A3-294233AD2680}.Debug|Any CPU.ActiveCfg = Debug|Any CPU
		{979FBBFE-AE1C-4435-B4A3-294233AD2680}.Debug|Any CPU.Build.0 = Debug|Any CPU
		{979FBBFE-AE1C-4435-B4A3-294233AD2680}.Release|Any CPU.ActiveCfg = Release|Any CPU
		{979FBBFE-AE1C-4435-B4A3-294233AD2680}.Release|Any CPU.Build.0 = Release|Any CPU
		{47B58706-0802-4B1A-92E7-00E517A0FD4C}.Debug|Any CPU.ActiveCfg = Debug|Any CPU
		{47B58706-0802-4B1A-92E7-00E517A0FD4C}.Debug|Any CPU.Build.0 = Debug|Any CPU
		{47B58706-0802-4B1A-92E7-00E517A0FD4C}.Release|Any CPU.ActiveCfg = Release|Any CPU
		{47B58706-0802-4B1A-92E7-00E517A0FD4C}.Release|Any CPU.Build.0 = Release|Any CPU
		{7979B901-C20E-4BC3-8AB0-A5EF49B355C6}.Debug|Any CPU.ActiveCfg = Debug|Any CPU
		{7979B901-C20E-4BC3-8AB0-A5EF49B355C6}.Debug|Any CPU.Build.0 = Debug|Any CPU
		{7979B901-C20E-4BC3-8AB0-A5EF49B355C6}.Release|Any CPU.ActiveCfg = Release|Any CPU
		{7979B901-C20E-4BC3-8AB0-A5EF49B355C6}.Release|Any CPU.Build.0 = Release|Any CPU
		{603CE595-70D7-4028-9C29-EBABFA2A6B69}.Debug|Any CPU.ActiveCfg = Debug|Any CPU
		{603CE595-70D7-4028-9C29-EBABFA2A6B69}.Debug|Any CPU.Build.0 = Debug|Any CPU
		{603CE595-70D7-4028-9C29-EBABFA2A6B69}.Release|Any CPU.ActiveCfg = Release|Any CPU
		{603CE595-70D7-4028-9C29-EBABFA2A6B69}.Release|Any CPU.Build.0 = Release|Any CPU
		{898F84CC-D44D-4734-B44C-6D4B53F75F02}.Debug|Any CPU.ActiveCfg = Debug|Any CPU
		{898F84CC-D44D-4734-B44C-6D4B53F75F02}.Debug|Any CPU.Build.0 = Debug|Any CPU
		{898F84CC-D44D-4734-B44C-6D4B53F75F02}.Release|Any CPU.ActiveCfg = Release|Any CPU
		{898F84CC-D44D-4734-B44C-6D4B53F75F02}.Release|Any CPU.Build.0 = Release|Any CPU
		{535242EE-57D2-4914-BDDE-CC72CFCE2161}.Debug|Any CPU.ActiveCfg = Debug|Any CPU
		{535242EE-57D2-4914-BDDE-CC72CFCE2161}.Debug|Any CPU.Build.0 = Debug|Any CPU
		{535242EE-57D2-4914-BDDE-CC72CFCE2161}.Release|Any CPU.ActiveCfg = Release|Any CPU
		{535242EE-57D2-4914-BDDE-CC72CFCE2161}.Release|Any CPU.Build.0 = Release|Any CPU
		{2BC34CDD-6801-4BB5-9E61-35B3C5D75332}.Debug|Any CPU.ActiveCfg = Debug|Any CPU
		{2BC34CDD-6801-4BB5-9E61-35B3C5D75332}.Debug|Any CPU.Build.0 = Debug|Any CPU
		{2BC34CDD-6801-4BB5-9E61-35B3C5D75332}.Release|Any CPU.ActiveCfg = Release|Any CPU
		{2BC34CDD-6801-4BB5-9E61-35B3C5D75332}.Release|Any CPU.Build.0 = Release|Any CPU
		{FD2A4628-36E7-46A0-A705-E2A13F6963E8}.Debug|Any CPU.ActiveCfg = Debug|Any CPU
		{FD2A4628-36E7-46A0-A705-E2A13F6963E8}.Debug|Any CPU.Build.0 = Debug|Any CPU
		{FD2A4628-36E7-46A0-A705-E2A13F6963E8}.Release|Any CPU.ActiveCfg = Release|Any CPU
		{FD2A4628-36E7-46A0-A705-E2A13F6963E8}.Release|Any CPU.Build.0 = Release|Any CPU
		{1A9A4021-968E-4E52-AAF8-221EB351B807}.Debug|Any CPU.ActiveCfg = Debug|Any CPU
		{1A9A4021-968E-4E52-AAF8-221EB351B807}.Debug|Any CPU.Build.0 = Debug|Any CPU
		{1A9A4021-968E-4E52-AAF8-221EB351B807}.Release|Any CPU.ActiveCfg = Release|Any CPU
		{1A9A4021-968E-4E52-AAF8-221EB351B807}.Release|Any CPU.Build.0 = Release|Any CPU
		{EDE5CD06-E943-4410-9758-FC8848B2C58E}.Debug|Any CPU.ActiveCfg = Debug|Any CPU
		{EDE5CD06-E943-4410-9758-FC8848B2C58E}.Debug|Any CPU.Build.0 = Debug|Any CPU
		{EDE5CD06-E943-4410-9758-FC8848B2C58E}.Release|Any CPU.ActiveCfg = Release|Any CPU
		{EDE5CD06-E943-4410-9758-FC8848B2C58E}.Release|Any CPU.Build.0 = Release|Any CPU
	EndGlobalSection
	GlobalSection(SolutionProperties) = preSolution
		HideSolutionNode = FALSE
	EndGlobalSection
	GlobalSection(ExtensibilityGlobals) = postSolution
		SolutionGuid = {33D6F354-D8BF-4C90-AF87-239B6E5C670E}
	EndGlobalSection
EndGlobal
