
Microsoft Visual Studio Solution File, Format Version 12.00
# Visual Studio Version 17
VisualStudioVersion = 17.2.32616.157
MinimumVisualStudioVersion = 10.0.40219.1
Project("{9A19103F-16F7-4668-BE54-9A1E7A4F7556}") = "CultureIdentify", "CultureIdentify\CultureIdentify.csproj", "{979FBBFE-AE1C-4435-B4A3-294233AD2680}"
EndProject
Project("{9A19103F-16F7-4668-BE54-9A1E7A4F7556}") = "AttributeLocalization", "AttributeLocalization\AttributeLocalization.csproj", "{47B58706-0802-4B1A-92E7-00E517A0FD4C}"
EndProject
Project("{FAE04EC0-301F-11D3-BF4B-00C04F79EFBC}") = "StringLocalizer", "StringLocalizer\StringLocalizer.csproj", "{7979B901-C20E-4BC3-8AB0-A5EF49B355C6}"
EndProject
Global
	GlobalSection(SolutionConfigurationPlatforms) = preSolution
		Debug|Any CPU = Debug|Any CPU
		Release|Any CPU = Release|Any CPU
	EndGlobalSection
	GlobalSection(ProjectConfigurationPlatforms) = postSolution
		{979FBBFE-AE1C-4435-B4A3-294233AD2680}.Debug|Any CPU.ActiveCfg = Debug|Any CPU
		{979FBBFE-AE1C-4435-B4A3-294233AD2680}.Debug|Any CPU.Build.0 = Debug|Any CPU
		{979FBBFE-AE1C-4435-B4A3-294233AD2680}.Release|Any CPU.ActiveCfg = Release|Any CPU
		{979FBBFE-AE1C-4435-B4A3-294233AD2680}.Release|Any CPU.Build.0 = Release|Any CPU
		{47B58706-0802-4B1A-92E7-00E517A0FD4C}.Debug|Any CPU.ActiveCfg = Debug|Any CPU
		{47B58706-0802-4B1A-92E7-00E517A0FD4C}.Debug|Any CPU.Build.0 = Debug|Any CPU
		{47B58706-0802-4B1A-92E7-00E517A0FD4C}.Release|Any CPU.ActiveCfg = Release|Any CPU
		{47B58706-0802-4B1A-92E7-00E517A0FD4C}.Release|Any CPU.Build.0 = Release|Any CPU
		{7979B901-C20E-4BC3-8AB0-A5EF49B355C6}.Debug|Any CPU.ActiveCfg = Debug|Any CPU
		{7979B901-C20E-4BC3-8AB0-A5EF49B355C6}.Debug|Any CPU.Build.0 = Debug|Any CPU
		{7979B901-C20E-4BC3-8AB0-A5EF49B355C6}.Release|Any CPU.ActiveCfg = Release|Any CPU
		{7979B901-C20E-4BC3-8AB0-A5EF49B355C6}.Release|Any CPU.Build.0 = Release|Any CPU
	EndGlobalSection
	GlobalSection(SolutionProperties) = preSolution
		HideSolutionNode = FALSE
	EndGlobalSection
	GlobalSection(ExtensibilityGlobals) = postSolution
		SolutionGuid = {33D6F354-D8BF-4C90-AF87-239B6E5C670E}
	EndGlobalSection
EndGlobal
